[dependencies]
  [dependencies.bucket]
    name = "bucket"
    full_name = "bucket_0.0.2"
    version = "0.0.2"
    sum = "ndQ2CGKLFnzfi7vgbrBEBVwMU+fvoLOGm8XLLbblEdc="
    reg = "docker.io"
    repo = "yurikrupnik/exist_kcl_package1"
    oci_tag = "0.0.2"
  [dependencies.crossplane]
    name = "crossplane"
    full_name = "crossplane_1.17.3"
    version = "1.17.3"
    sum = "8hx/1t6Gn0UZjaycAJIJ2Xj1R7vefZq7mMpAim21COc="
    reg = "ghcr.io"
    repo = "kcl-lang/crossplane"
    oci_tag = "1.17.3"
  [dependencies.k8s]
    name = "k8s"
    full_name = "k8s_1.31.2"
    version = "1.31.2"
    sum = "xBZgPsnpVVyWBpahuPQHReeRx28eUHGFoaPeqbct+vs="
    reg = "ghcr.io"
    repo = "kcl-lang/k8s"
    oci_tag = "1.31.2"
